
Microsoft Visual Studio Solution File, Format Version 12.00
# Visual Studio Version 16
VisualStudioVersion = 16.0.29728.190
MinimumVisualStudioVersion = 10.0.40219.1
Project("{FAE04EC0-301F-11D3-BF4B-00C04F79EFBC}") = "coca", "coca\coca.csproj", "{C591C03A-0756-40F6-91F3-D63818D27770}"
EndProject
Global
	GlobalSection(SolutionConfigurationPlatforms) = preSolution
		Debug|Any CPU = Debug|Any CPU
		Release|Any CPU = Release|Any CPU
	EndGlobalSection
	GlobalSection(ProjectConfigurationPlatforms) = postSolution
		{C591C03A-0756-40F6-91F3-D63818D27770}.Debug|Any CPU.ActiveCfg = Debug|Any CPU
		{C591C03A-0756-40F6-91F3-D63818D27770}.Debug|Any CPU.Build.0 = Debug|Any CPU
		{C591C03A-0756-40F6-91F3-D63818D27770}.Release|Any CPU.ActiveCfg = Release|Any CPU
		{C591C03A-0756-40F6-91F3-D63818D27770}.Release|Any CPU.Build.0 = Release|Any CPU
	EndGlobalSection
	GlobalSection(SolutionProperties) = preSolution
		HideSolutionNode = FALSE
	EndGlobalSection
	GlobalSection(ExtensibilityGlobals) = postSolution
		SolutionGuid = {F6577338-18F6-4EA9-9360-89BF17A83C60}
	EndGlobalSection
EndGlobal
